
Microsoft Visual Studio Solution File, Format Version 12.00
# Visual Studio Version 16
VisualStudioVersion = 16.0.28917.181
MinimumVisualStudioVersion = 10.0.40219.1
Project("{FAE04EC0-301F-11D3-BF4B-00C04F79EFBC}") = "AttuneWWPresentation", "AttuneWWPresentation\AttuneWWPresentation.csproj", "{C14D9C56-6AA9-47E7-AEC0-D4FE77459A18}"
EndProject
Global
	GlobalSection(SolutionConfigurationPlatforms) = preSolution
		Debug|Any CPU = Debug|Any CPU
		Release|Any CPU = Release|Any CPU
	EndGlobalSection
	GlobalSection(ProjectConfigurationPlatforms) = postSolution
		{C14D9C56-6AA9-47E7-AEC0-D4FE77459A18}.Debug|Any CPU.ActiveCfg = Debug|Any CPU
		{C14D9C56-6AA9-47E7-AEC0-D4FE77459A18}.Debug|Any CPU.Build.0 = Debug|Any CPU
		{C14D9C56-6AA9-47E7-AEC0-D4FE77459A18}.Release|Any CPU.ActiveCfg = Release|Any CPU
		{C14D9C56-6AA9-47E7-AEC0-D4FE77459A18}.Release|Any CPU.Build.0 = Release|Any CPU
	EndGlobalSection
	GlobalSection(SolutionProperties) = preSolution
		HideSolutionNode = FALSE
	EndGlobalSection
	GlobalSection(ExtensibilityGlobals) = postSolution
		SolutionGuid = {445EFE2E-BAA2-4A8E-94FC-35E173E932D2}
	EndGlobalSection
EndGlobal
